
Microsoft Visual Studio Solution File, Format Version 12.00
# Visual Studio 2012
Project("{FAE04EC0-301F-11D3-BF4B-00C04F79EFBC}") = "Notificare.Android.Sample", "Notificare.Android.Sample\Notificare.Android.Sample.csproj", "{391E7BB9-129B-4BD7-8195-A9F1E64D59D9}"
EndProject
Global
	GlobalSection(SolutionConfigurationPlatforms) = preSolution
		Debug|Any CPU = Debug|Any CPU
		Release|Any CPU = Release|Any CPU
	EndGlobalSection
	GlobalSection(ProjectConfigurationPlatforms) = postSolution
		{391E7BB9-129B-4BD7-8195-A9F1E64D59D9}.Debug|Any CPU.ActiveCfg = Debug|Any CPU
		{391E7BB9-129B-4BD7-8195-A9F1E64D59D9}.Debug|Any CPU.Build.0 = Debug|Any CPU
		{391E7BB9-129B-4BD7-8195-A9F1E64D59D9}.Release|Any CPU.ActiveCfg = Release|Any CPU
		{391E7BB9-129B-4BD7-8195-A9F1E64D59D9}.Release|Any CPU.Build.0 = Release|Any CPU
	EndGlobalSection
	GlobalSection(MonoDevelopProperties) = preSolution
		StartupItem = Notificare.Android.Sample\Notificare.Android.Sample.csproj
	EndGlobalSection
EndGlobal
